
Microsoft Visual Studio Solution File, Format Version 12.00
# Visual Studio Version 16
VisualStudioVersion = 16.0.31424.327
MinimumVisualStudioVersion = 10.0.40219.1
Project("{FAE04EC0-301F-11D3-BF4B-00C04F79EFBC}") = "Project2", "Project2\Project2.csproj", "{BAD6462A-48E6-447E-9976-54828D159033}"
EndProject
Project("{FAE04EC0-301F-11D3-BF4B-00C04F79EFBC}") = "DocumentBuilderLibrary", "DocumentBuilderLibrary\DocumentBuilderLibrary.csproj", "{DCFAF5F6-6CCE-4829-972E-2EBF2C44DFFF}"
EndProject
Global
	GlobalSection(SolutionConfigurationPlatforms) = preSolution
		Debug|Any CPU = Debug|Any CPU
		Release|Any CPU = Release|Any CPU
	EndGlobalSection
	GlobalSection(ProjectConfigurationPlatforms) = postSolution
		{BAD6462A-48E6-447E-9976-54828D159033}.Debug|Any CPU.ActiveCfg = Debug|Any CPU
		{BAD6462A-48E6-447E-9976-54828D159033}.Debug|Any CPU.Build.0 = Debug|Any CPU
		{BAD6462A-48E6-447E-9976-54828D159033}.Release|Any CPU.ActiveCfg = Release|Any CPU
		{BAD6462A-48E6-447E-9976-54828D159033}.Release|Any CPU.Build.0 = Release|Any CPU
		{DCFAF5F6-6CCE-4829-972E-2EBF2C44DFFF}.Debug|Any CPU.ActiveCfg = Debug|Any CPU
		{DCFAF5F6-6CCE-4829-972E-2EBF2C44DFFF}.Debug|Any CPU.Build.0 = Debug|Any CPU
		{DCFAF5F6-6CCE-4829-972E-2EBF2C44DFFF}.Release|Any CPU.ActiveCfg = Release|Any CPU
		{DCFAF5F6-6CCE-4829-972E-2EBF2C44DFFF}.Release|Any CPU.Build.0 = Release|Any CPU
	EndGlobalSection
	GlobalSection(SolutionProperties) = preSolution
		HideSolutionNode = FALSE
	EndGlobalSection
	GlobalSection(ExtensibilityGlobals) = postSolution
		SolutionGuid = {EC945FA4-D82C-4975-B599-8E048FF797DB}
	EndGlobalSection
EndGlobal
